
Microsoft Visual Studio Solution File, Format Version 12.00
# Visual Studio 2012
Project("{8BC9CEB8-8B4A-11D0-8D11-00A0C91BC942}") = "CameraCalibration", "CameraCalibration\CameraCalibration.vcxproj", "{42884425-BFC1-4921-A69E-33A67A46C174}"
EndProject
Project("{8BC9CEB8-8B4A-11D0-8D11-00A0C91BC942}") = "ImageFilter", "ImageFilter\ImageFilter.vcxproj", "{81F3F824-4DB2-472C-9FB0-7C1EA3626D17}"
EndProject
Global
	GlobalSection(SolutionConfigurationPlatforms) = preSolution
		Debug|Win32 = Debug|Win32
		Release|Win32 = Release|Win32
	EndGlobalSection
	GlobalSection(ProjectConfigurationPlatforms) = postSolution
		{42884425-BFC1-4921-A69E-33A67A46C174}.Debug|Win32.ActiveCfg = Debug|Win32
		{42884425-BFC1-4921-A69E-33A67A46C174}.Debug|Win32.Build.0 = Debug|Win32
		{42884425-BFC1-4921-A69E-33A67A46C174}.Release|Win32.ActiveCfg = Release|Win32
		{42884425-BFC1-4921-A69E-33A67A46C174}.Release|Win32.Build.0 = Release|Win32
		{81F3F824-4DB2-472C-9FB0-7C1EA3626D17}.Debug|Win32.ActiveCfg = Debug|Win32
		{81F3F824-4DB2-472C-9FB0-7C1EA3626D17}.Debug|Win32.Build.0 = Debug|Win32
		{81F3F824-4DB2-472C-9FB0-7C1EA3626D17}.Release|Win32.ActiveCfg = Release|Win32
		{81F3F824-4DB2-472C-9FB0-7C1EA3626D17}.Release|Win32.Build.0 = Release|Win32
	EndGlobalSection
	GlobalSection(SolutionProperties) = preSolution
		HideSolutionNode = FALSE
	EndGlobalSection
EndGlobal
