
Microsoft Visual Studio Solution File, Format Version 12.00
# Visual Studio 2012
Project("{8BC9CEB8-8B4A-11D0-8D11-00A0C91BC942}") = "CameraCalibration", "CameraCalibration\CameraCalibration.vcxproj", "{42884425-BFC1-4921-A69E-33A67A46C174}"
EndProject
Project("{8BC9CEB8-8B4A-11D0-8D11-00A0C91BC942}") = "ImageFilter", "ImageFilter\ImageFilter.vcxproj", "{81F3F824-4DB2-472C-9FB0-7C1EA3626D17}"
EndProject
Project("{8BC9CEB8-8B4A-11D0-8D11-00A0C91BC942}") = "Inpainting", "Inpainting\Inpainting.vcxproj", "{5334C9F3-09B2-4EA4-9253-603D6330E087}"
EndProject
Project("{8BC9CEB8-8B4A-11D0-8D11-00A0C91BC942}") = "Homography", "Homography\Homography.vcxproj", "{090D9A94-7603-4DDE-861C-3680B238E81E}"
EndProject
Project("{8BC9CEB8-8B4A-11D0-8D11-00A0C91BC942}") = "InpantingTransformation", "InpaintingTransformation\InpantingTransformation.vcxproj", "{53832F17-90E0-445C-8301-5035A936749E}"
EndProject
Project("{8BC9CEB8-8B4A-11D0-8D11-00A0C91BC942}") = "PovRay", "PovRay\PovRay.vcxproj", "{7360B4C4-C909-4F04-82BB-EA1A80F39AA7}"
EndProject
Project("{8BC9CEB8-8B4A-11D0-8D11-00A0C91BC942}") = "Tron", "Tron\Tron.vcxproj", "{69801FEE-03FF-4C10-A850-69E82175226F}"
EndProject
Global
	GlobalSection(SolutionConfigurationPlatforms) = preSolution
		Debug|Win32 = Debug|Win32
		Release|Win32 = Release|Win32
	EndGlobalSection
	GlobalSection(ProjectConfigurationPlatforms) = postSolution
		{42884425-BFC1-4921-A69E-33A67A46C174}.Debug|Win32.ActiveCfg = Debug|Win32
		{42884425-BFC1-4921-A69E-33A67A46C174}.Debug|Win32.Build.0 = Debug|Win32
		{42884425-BFC1-4921-A69E-33A67A46C174}.Release|Win32.ActiveCfg = Release|Win32
		{42884425-BFC1-4921-A69E-33A67A46C174}.Release|Win32.Build.0 = Release|Win32
		{81F3F824-4DB2-472C-9FB0-7C1EA3626D17}.Debug|Win32.ActiveCfg = Debug|Win32
		{81F3F824-4DB2-472C-9FB0-7C1EA3626D17}.Debug|Win32.Build.0 = Debug|Win32
		{81F3F824-4DB2-472C-9FB0-7C1EA3626D17}.Release|Win32.ActiveCfg = Release|Win32
		{81F3F824-4DB2-472C-9FB0-7C1EA3626D17}.Release|Win32.Build.0 = Release|Win32
		{5334C9F3-09B2-4EA4-9253-603D6330E087}.Debug|Win32.ActiveCfg = Debug|Win32
		{5334C9F3-09B2-4EA4-9253-603D6330E087}.Debug|Win32.Build.0 = Debug|Win32
		{5334C9F3-09B2-4EA4-9253-603D6330E087}.Release|Win32.ActiveCfg = Release|Win32
		{5334C9F3-09B2-4EA4-9253-603D6330E087}.Release|Win32.Build.0 = Release|Win32
		{090D9A94-7603-4DDE-861C-3680B238E81E}.Debug|Win32.ActiveCfg = Debug|Win32
		{090D9A94-7603-4DDE-861C-3680B238E81E}.Debug|Win32.Build.0 = Debug|Win32
		{090D9A94-7603-4DDE-861C-3680B238E81E}.Release|Win32.ActiveCfg = Release|Win32
		{090D9A94-7603-4DDE-861C-3680B238E81E}.Release|Win32.Build.0 = Release|Win32
		{53832F17-90E0-445C-8301-5035A936749E}.Debug|Win32.ActiveCfg = Debug|Win32
		{53832F17-90E0-445C-8301-5035A936749E}.Debug|Win32.Build.0 = Debug|Win32
		{53832F17-90E0-445C-8301-5035A936749E}.Release|Win32.ActiveCfg = Release|Win32
		{53832F17-90E0-445C-8301-5035A936749E}.Release|Win32.Build.0 = Release|Win32
		{7360B4C4-C909-4F04-82BB-EA1A80F39AA7}.Debug|Win32.ActiveCfg = Debug|Win32
		{7360B4C4-C909-4F04-82BB-EA1A80F39AA7}.Debug|Win32.Build.0 = Debug|Win32
		{7360B4C4-C909-4F04-82BB-EA1A80F39AA7}.Release|Win32.ActiveCfg = Release|Win32
		{7360B4C4-C909-4F04-82BB-EA1A80F39AA7}.Release|Win32.Build.0 = Release|Win32
		{69801FEE-03FF-4C10-A850-69E82175226F}.Debug|Win32.ActiveCfg = Debug|Win32
		{69801FEE-03FF-4C10-A850-69E82175226F}.Debug|Win32.Build.0 = Debug|Win32
		{69801FEE-03FF-4C10-A850-69E82175226F}.Release|Win32.ActiveCfg = Release|Win32
		{69801FEE-03FF-4C10-A850-69E82175226F}.Release|Win32.Build.0 = Release|Win32
	EndGlobalSection
	GlobalSection(SolutionProperties) = preSolution
		HideSolutionNode = FALSE
	EndGlobalSection
EndGlobal
